
Microsoft Visual Studio Solution File, Format Version 12.00
# Visual Studio Version 16
VisualStudioVersion = 16.0.31515.178
MinimumVisualStudioVersion = 10.0.40219.1
Project("{FAE04EC0-301F-11D3-BF4B-00C04F79EFBC}") = "CrudApi", "CrudApi.csproj", "{BB92F3B8-7DF8-46F4-835C-DA6DA992A900}"
EndProject
Global
	GlobalSection(SolutionConfigurationPlatforms) = preSolution
		Debug|Any CPU = Debug|Any CPU
		Release|Any CPU = Release|Any CPU
	EndGlobalSection
	GlobalSection(ProjectConfigurationPlatforms) = postSolution
		{BB92F3B8-7DF8-46F4-835C-DA6DA992A900}.Debug|Any CPU.ActiveCfg = Debug|Any CPU
		{BB92F3B8-7DF8-46F4-835C-DA6DA992A900}.Debug|Any CPU.Build.0 = Debug|Any CPU
		{BB92F3B8-7DF8-46F4-835C-DA6DA992A900}.Release|Any CPU.ActiveCfg = Release|Any CPU
		{BB92F3B8-7DF8-46F4-835C-DA6DA992A900}.Release|Any CPU.Build.0 = Release|Any CPU
	EndGlobalSection
	GlobalSection(SolutionProperties) = preSolution
		HideSolutionNode = FALSE
	EndGlobalSection
	GlobalSection(ExtensibilityGlobals) = postSolution
		SolutionGuid = {79EC3FD4-2AF4-433E-839F-BCB5F3E8BEAC}
	EndGlobalSection
EndGlobal
